# This file is automatically @generated by Cargo.
# It is not intended for manual editing.
version = 4

[[package]]
name = "fluxion"
version = "0.0.0"
dependencies = [
 "fluxion-core",
]

[[package]]
name = "fluxion-autodiff"
version = "0.0.0"

[[package]]
name = "fluxion-backend"
version = "0.0.0"

[[package]]
name = "fluxion-cli"
version = "0.0.0"
dependencies = [
 "fluxion",
]

[[package]]
name = "fluxion-core"
version = "0.0.0"

[[package]]
name = "fluxion-ffi"
version = "0.0.0"
dependencies = [
 "fluxion-core",
]

[[package]]
name = "fluxion-io"
version = "0.0.0"

[[package]]
name = "fluxion-ops"
version = "0.0.0"

[[package]]
name = "fluxion-py"
version = "0.0.0"

[[package]]
name = "fluxion-rt"
version = "0.0.0"

[[package]]
name = "fluxion-wasm"
version = "0.0.0"
