# This file is automatically @generated by Cargo.
# It is not intended for manual editing.
version = 4

[[package]]
name = "fluxion"
version = "0.0.0"
dependencies = [
 "fluxion-core",
]

[[package]]
name = "fluxion-autodiff"
version = "0.0.0"

[[package]]
name = "fluxion-backend"
version = "0.0.0"

[[package]]
name = "fluxion-cli"
version = "0.0.0"
dependencies = [
 "fluxion",
]

[[package]]
name = "fluxion-core"
version = "0.0.0"

[[package]]
name = "fluxion-ffi"
version = "0.0.0"
dependencies = [
 "fluxion-core",
]

[[package]]
name = "fluxion-io"
version = "0.0.0"
dependencies = [
 "hound",
]

[[package]]
name = "fluxion-ops"
version = "0.0.0"

[[package]]
name = "fluxion-py"
version = "0.0.0"

[[package]]
name = "fluxion-rt"
version = "0.0.0"

[[package]]
name = "fluxion-wasm"
version = "0.0.0"

[[package]]
name = "hound"
version = "3.5.1"
source = "registry+https://github.com/rust-lang/crates.io-index"
checksum = "62adaabb884c94955b19907d60019f4e145d091c75345379e70d1ee696f7854f"
